
Microsoft Visual Studio Solution File, Format Version 12.00
# Visual Studio Version 17
VisualStudioVersion = 17.5.2.0
MinimumVisualStudioVersion = 10.0.40219.1
Project("{FAE04EC0-301F-11D3-BF4B-00C04F79EFBC}") = "EasyIntercept", "EasyIntercept\EasyIntercept.csproj", "{A42BE8AD-5EA1-CE8D-1152-BDDDDFA7E75B}"
EndProject
Project("{FAE04EC0-301F-11D3-BF4B-00C04F79EFBC}") = "EasyIntercept.Tests", "EasyIntercept.Tests\EasyIntercept.Tests.csproj", "{24BB3F1B-14CB-46B1-A144-72F71962D35A}"
EndProject
Global
	GlobalSection(SolutionConfigurationPlatforms) = preSolution
		Debug|Any CPU = Debug|Any CPU
		Debug|x64 = Debug|x64
		Debug|x86 = Debug|x86
		Release|Any CPU = Release|Any CPU
		Release|x64 = Release|x64
		Release|x86 = Release|x86
	EndGlobalSection
	GlobalSection(ProjectConfigurationPlatforms) = postSolution
		{A42BE8AD-5EA1-CE8D-1152-BDDDDFA7E75B}.Debug|Any CPU.ActiveCfg = Debug|Any CPU
		{A42BE8AD-5EA1-CE8D-1152-BDDDDFA7E75B}.Debug|Any CPU.Build.0 = Debug|Any CPU
		{A42BE8AD-5EA1-CE8D-1152-BDDDDFA7E75B}.Debug|x64.ActiveCfg = Debug|Any CPU
		{A42BE8AD-5EA1-CE8D-1152-BDDDDFA7E75B}.Debug|x64.Build.0 = Debug|Any CPU
		{A42BE8AD-5EA1-CE8D-1152-BDDDDFA7E75B}.Debug|x86.ActiveCfg = Debug|Any CPU
		{A42BE8AD-5EA1-CE8D-1152-BDDDDFA7E75B}.Debug|x86.Build.0 = Debug|Any CPU
		{A42BE8AD-5EA1-CE8D-1152-BDDDDFA7E75B}.Release|Any CPU.ActiveCfg = Release|Any CPU
		{A42BE8AD-5EA1-CE8D-1152-BDDDDFA7E75B}.Release|Any CPU.Build.0 = Release|Any CPU
		{A42BE8AD-5EA1-CE8D-1152-BDDDDFA7E75B}.Release|x64.ActiveCfg = Release|Any CPU
		{A42BE8AD-5EA1-CE8D-1152-BDDDDFA7E75B}.Release|x64.Build.0 = Release|Any CPU
		{A42BE8AD-5EA1-CE8D-1152-BDDDDFA7E75B}.Release|x86.ActiveCfg = Release|Any CPU
		{A42BE8AD-5EA1-CE8D-1152-BDDDDFA7E75B}.Release|x86.Build.0 = Release|Any CPU
		{24BB3F1B-14CB-46B1-A144-72F71962D35A}.Debug|Any CPU.ActiveCfg = Debug|Any CPU
		{24BB3F1B-14CB-46B1-A144-72F71962D35A}.Debug|Any CPU.Build.0 = Debug|Any CPU
		{24BB3F1B-14CB-46B1-A144-72F71962D35A}.Debug|x64.ActiveCfg = Debug|Any CPU
		{24BB3F1B-14CB-46B1-A144-72F71962D35A}.Debug|x64.Build.0 = Debug|Any CPU
		{24BB3F1B-14CB-46B1-A144-72F71962D35A}.Debug|x86.ActiveCfg = Debug|Any CPU
		{24BB3F1B-14CB-46B1-A144-72F71962D35A}.Debug|x86.Build.0 = Debug|Any CPU
		{24BB3F1B-14CB-46B1-A144-72F71962D35A}.Release|Any CPU.ActiveCfg = Release|Any CPU
		{24BB3F1B-14CB-46B1-A144-72F71962D35A}.Release|Any CPU.Build.0 = Release|Any CPU
		{24BB3F1B-14CB-46B1-A144-72F71962D35A}.Release|x64.ActiveCfg = Release|Any CPU
		{24BB3F1B-14CB-46B1-A144-72F71962D35A}.Release|x64.Build.0 = Release|Any CPU
		{24BB3F1B-14CB-46B1-A144-72F71962D35A}.Release|x86.ActiveCfg = Release|Any CPU
		{24BB3F1B-14CB-46B1-A144-72F71962D35A}.Release|x86.Build.0 = Release|Any CPU
	EndGlobalSection
	GlobalSection(SolutionProperties) = preSolution
		HideSolutionNode = FALSE
	EndGlobalSection
	GlobalSection(ExtensibilityGlobals) = postSolution
		SolutionGuid = {6843A9E0-3655-406E-9D49-3A2C535C91E8}
	EndGlobalSection
EndGlobal
